// !$*UTF8*$!
{
	archiveVersion = 1;
	classes = {
	};
	objectVersion = 48;
	objects = {

/* Begin PBXBuildFile section */
		7D6206611F6AFEBA00214935 /* AppDelegate.swift in Sources */ = {isa = PBXBuildFile; fileRef = 7D6206601F6AFEBA00214935 /* AppDelegate.swift */; };
		7D6206631F6AFEBA00214935 /* ViewController.swift in Sources */ = {isa = PBXBuildFile; fileRef = 7D6206621F6AFEBA00214935 /* ViewController.swift */; };
		7D6206661F6AFEBA00214935 /* Main.storyboard in Resources */ = {isa = PBXBuildFile; fileRef = 7D6206641F6AFEBA00214935 /* Main.storyboard */; };
		7D6206681F6AFEBA00214935 /* Assets.xcassets in Resources */ = {isa = PBXBuildFile; fileRef = 7D6206671F6AFEBA00214935 /* Assets.xcassets */; };
		7D62066B1F6AFEBA00214935 /* LaunchScreen.storyboard in Resources */ = {isa = PBXBuildFile; fileRef = 7D6206691F6AFEBA00214935 /* LaunchScreen.storyboard */; };
		7D6206761F6AFEBA00214935 /* Astro_TorchTests.swift in Sources */ = {isa = PBXBuildFile; fileRef = 7D6206751F6AFEBA00214935 /* Astro_TorchTests.swift */; };
		7D6206811F6AFEBA00214935 /* Astro_TorchUITests.swift in Sources */ = {isa = PBXBuildFile; fileRef = 7D6206801F6AFEBA00214935 /* Astro_TorchUITests.swift */; };
/* End PBXBuildFile section */

/* Begin PBXContainerItemProxy section */
		7D6206721F6AFEBA00214935 /* PBXContainerItemProxy */ = {
			isa = PBXContainerItemProxy;
			containerPortal = 7D6206551F6AFEBA00214935 /* Project object */;
			proxyType = 1;
			remoteGlobalIDString = 7D62065C1F6AFEBA00214935;
			remoteInfo = "Astro Torch";
		};
		7D62067D1F6AFEBA00214935 /* PBXContainerItemProxy */ = {
			isa = PBXContainerItemProxy;
			containerPortal = 7D6206551F6AFEBA00214935 /* Project object */;
			proxyType = 1;
			remoteGlobalIDString = 7D62065C1F6AFEBA00214935;
			remoteInfo = "Astro Torch";
		};
/* End PBXContainerItemProxy section */

/* Begin PBXFileReference section */
		7D62065D1F6AFEBA00214935 /* Astro Torch.app */ = {isa = PBXFileReference; explicitFileType = wrapper.application; includeInIndex = 0; path = "Astro Torch.app"; sourceTree = BUILT_PRODUCTS_DIR; };
		7D6206601F6AFEBA00214935 /* AppDelegate.swift */ = {isa = PBXFileReference; lastKnownFileType = sourcecode.swift; path = AppDelegate.swift; sourceTree = "<group>"; };
		7D6206621F6AFEBA00214935 /* ViewController.swift */ = {isa = PBXFileReference; lastKnownFileType = sourcecode.swift; path = ViewController.swift; sourceTree = "<group>"; };
		7D6206651F6AFEBA00214935 /* Base */ = {isa = PBXFileReference; lastKnownFileType = file.storyboard; name = Base; path = Base.lproj/Main.storyboard; sourceTree = "<group>"; };
		7D6206671F6AFEBA00214935 /* Assets.xcassets */ = {isa = PBXFileReference; lastKnownFileType = folder.assetcatalog; path = Assets.xcassets; sourceTree = "<group>"; };
		7D62066A1F6AFEBA00214935 /* Base */ = {isa = PBXFileReference; lastKnownFileType = file.storyboard; name = Base; path = Base.lproj/LaunchScreen.storyboard; sourceTree = "<group>"; };
		7D62066C1F6AFEBA00214935 /* Info.plist */ = {isa = PBXFileReference; lastKnownFileType = text.plist.xml; path = Info.plist; sourceTree = "<group>"; };
		7D6206711F6AFEBA00214935 /* Astro TorchTests.xctest */ = {isa = PBXFileReference; explicitFileType = wrapper.cfbundle; includeInIndex = 0; path = "Astro TorchTests.xctest"; sourceTree = BUILT_PRODUCTS_DIR; };
		7D6206751F6AFEBA00214935 /* Astro_TorchTests.swift */ = {isa = PBXFileReference; lastKnownFileType = sourcecode.swift; path = Astro_TorchTests.swift; sourceTree = "<group>"; };
		7D6206771F6AFEBA00214935 /* Info.plist */ = {isa = PBXFileReference; lastKnownFileType = text.plist.xml; path = Info.plist; sourceTree = "<group>"; };
		7D62067C1F6AFEBA00214935 /* Astro TorchUITests.xctest */ = {isa = PBXFileReference; explicitFileType = wrapper.cfbundle; includeInIndex = 0; path = "Astro TorchUITests.xctest"; sourceTree = BUILT_PRODUCTS_DIR; };
		7D6206801F6AFEBA00214935 /* Astro_TorchUITests.swift */ = {isa = PBXFileReference; lastKnownFileType = sourcecode.swift; path = Astro_TorchUITests.swift; sourceTree = "<group>"; };
		7D6206821F6AFEBA00214935 /* Info.plist */ = {isa = PBXFileReference; lastKnownFileType = text.plist.xml; path = Info.plist; sourceTree = "<group>"; };
/* End PBXFileReference section */

/* Begin PBXFrameworksBuildPhase section */
		7D62065A1F6AFEBA00214935 /* Frameworks */ = {
			isa = PBXFrameworksBuildPhase;
			buildActionMask = 2147483647;
			files = (
			);
			runOnlyForDeploymentPostprocessing = 0;
		};
		7D62066E1F6AFEBA00214935 /* Frameworks */ = {
			isa = PBXFrameworksBuildPhase;
			buildActionMask = 2147483647;
			files = (
			);
			runOnlyForDeploymentPostprocessing = 0;
		};
		7D6206791F6AFEBA00214935 /* Frameworks */ = {
			isa = PBXFrameworksBuildPhase;
			buildActionMask = 2147483647;
			files = (
			);
			runOnlyForDeploymentPostprocessing = 0;
		};
/* End PBXFrameworksBuildPhase section */

/* Begin PBXGroup section */
		7D6206541F6AFEBA00214935 = {
			isa = PBXGroup;
			children = (
				7D62065F1F6AFEBA00214935 /* Astro Torch */,
				7D6206741F6AFEBA00214935 /* Astro TorchTests */,
				7D62067F1F6AFEBA00214935 /* Astro TorchUITests */,
				7D62065E1F6AFEBA00214935 /* Products */,
			);
			sourceTree = "<group>";
		};
		7D62065E1F6AFEBA00214935 /* Products */ = {
			isa = PBXGroup;
			children = (
				7D62065D1F6AFEBA00214935 /* Astro Torch.app */,
				7D6206711F6AFEBA00214935 /* Astro TorchTests.xctest */,
				7D62067C1F6AFEBA00214935 /* Astro TorchUITests.xctest */,
			);
			name = Products;
			sourceTree = "<group>";
		};
		7D62065F1F6AFEBA00214935 /* Astro Torch */ = {
			isa = PBXGroup;
			children = (
				7D6206601F6AFEBA00214935 /* AppDelegate.swift */,
				7D6206621F6AFEBA00214935 /* ViewController.swift */,
				7D6206641F6AFEBA00214935 /* Main.storyboard */,
				7D6206671F6AFEBA00214935 /* Assets.xcassets */,
				7D6206691F6AFEBA00214935 /* LaunchScreen.storyboard */,
				7D62066C1F6AFEBA00214935 /* Info.plist */,
			);
			path = "Astro Torch";
			sourceTree = "<group>";
		};
		7D6206741F6AFEBA00214935 /* Astro TorchTests */ = {
			isa = PBXGroup;
			children = (
				7D6206751F6AFEBA00214935 /* Astro_TorchTests.swift */,
				7D6206771F6AFEBA00214935 /* Info.plist */,
			);
			path = "Astro TorchTests";
			sourceTree = "<group>";
		};
		7D62067F1F6AFEBA00214935 /* Astro TorchUITests */ = {
			isa = PBXGroup;
			children = (
				7D6206801F6AFEBA00214935 /* Astro_TorchUITests.swift */,
				7D6206821F6AFEBA00214935 /* Info.plist */,
			);
			path = "Astro TorchUITests";
			sourceTree = "<group>";
		};
/* End PBXGroup section */

/* Begin PBXNativeTarget section */
		7D62065C1F6AFEBA00214935 /* Astro Torch */ = {
			isa = PBXNativeTarget;
			buildConfigurationList = 7D6206851F6AFEBA00214935 /* Build configuration list for PBXNativeTarget "Astro Torch" */;
			buildPhases = (
				7D6206591F6AFEBA00214935 /* Sources */,
				7D62065A1F6AFEBA00214935 /* Frameworks */,
				7D62065B1F6AFEBA00214935 /* Resources */,
			);
			buildRules = (
			);
			dependencies = (
			);
			name = "Astro Torch";
			productName = "Astro Torch";
			productReference = 7D62065D1F6AFEBA00214935 /* Astro Torch.app */;
			productType = "com.apple.product-type.application";
		};
		7D6206701F6AFEBA00214935 /* Astro TorchTests */ = {
			isa = PBXNativeTarget;
			buildConfigurationList = 7D6206881F6AFEBA00214935 /* Build configuration list for PBXNativeTarget "Astro TorchTests" */;
			buildPhases = (
				7D62066D1F6AFEBA00214935 /* Sources */,
				7D62066E1F6AFEBA00214935 /* Frameworks */,
				7D62066F1F6AFEBA00214935 /* Resources */,
			);
			buildRules = (
			);
			dependencies = (
				7D6206731F6AFEBA00214935 /* PBXTargetDependency */,
			);
			name = "Astro TorchTests";
			productName = "Astro TorchTests";
			productReference = 7D6206711F6AFEBA00214935 /* Astro TorchTests.xctest */;
			productType = "com.apple.product-type.bundle.unit-test";
		};
		7D62067B1F6AFEBA00214935 /* Astro TorchUITests */ = {
			isa = PBXNativeTarget;
			buildConfigurationList = 7D62068B1F6AFEBA00214935 /* Build configuration list for PBXNativeTarget "Astro TorchUITests" */;
			buildPhases = (
				7D6206781F6AFEBA00214935 /* Sources */,
				7D6206791F6AFEBA00214935 /* Frameworks */,
				7D62067A1F6AFEBA00214935 /* Resources */,
			);
			buildRules = (
			);
			dependencies = (
				7D62067E1F6AFEBA00214935 /* PBXTargetDependency */,
			);
			name = "Astro TorchUITests";
			productName = "Astro TorchUITests";
			productReference = 7D62067C1F6AFEBA00214935 /* Astro TorchUITests.xctest */;
			productType = "com.apple.product-type.bundle.ui-testing";
		};
/* End PBXNativeTarget section */

/* Begin PBXProject section */
		7D6206551F6AFEBA00214935 /* Project object */ = {
			isa = PBXProject;
			attributes = {
				LastSwiftUpdateCheck = 0900;
				LastUpgradeCheck = 0900;
				ORGANIZATIONNAME = CSM;
				TargetAttributes = {
					7D62065C1F6AFEBA00214935 = {
						CreatedOnToolsVersion = 9.0;
						ProvisioningStyle = Automatic;
					};
					7D6206701F6AFEBA00214935 = {
						CreatedOnToolsVersion = 9.0;
						ProvisioningStyle = Automatic;
						TestTargetID = 7D62065C1F6AFEBA00214935;
					};
					7D62067B1F6AFEBA00214935 = {
						CreatedOnToolsVersion = 9.0;
						ProvisioningStyle = Automatic;
						TestTargetID = 7D62065C1F6AFEBA00214935;
					};
				};
			};
			buildConfigurationList = 7D6206581F6AFEBA00214935 /* Build configuration list for PBXProject "Astro Torch" */;
			compatibilityVersion = "Xcode 8.0";
			developmentRegion = en;
			hasScannedForEncodings = 0;
			knownRegions = (
				en,
				Base,
			);
			mainGroup = 7D6206541F6AFEBA00214935;
			productRefGroup = 7D62065E1F6AFEBA00214935 /* Products */;
			projectDirPath = "";
			projectRoot = "";
			targets = (
				7D62065C1F6AFEBA00214935 /* Astro Torch */,
				7D6206701F6AFEBA00214935 /* Astro TorchTests */,
				7D62067B1F6AFEBA00214935 /* Astro TorchUITests */,
			);
		};
/* End PBXProject section */

/* Begin PBXResourcesBuildPhase section */
		7D62065B1F6AFEBA00214935 /* Resources */ = {
			isa = PBXResourcesBuildPhase;
			buildActionMask = 2147483647;
			files = (
				7D62066B1F6AFEBA00214935 /* LaunchScreen.storyboard in Resources */,
				7D6206681F6AFEBA00214935 /* Assets.xcassets in Resources */,
				7D6206661F6AFEBA00214935 /* Main.storyboard in Resources */,
			);
			runOnlyForDeploymentPostprocessing = 0;
		};
		7D62066F1F6AFEBA00214935 /* Resources */ = {
			isa = PBXResourcesBuildPhase;
			buildActionMask = 2147483647;
			files = (
			);
			runOnlyForDeploymentPostprocessing = 0;
		};
		7D62067A1F6AFEBA00214935 /* Resources */ = {
			isa = PBXResourcesBuildPhase;
			buildActionMask = 2147483647;
			files = (
			);
			runOnlyForDeploymentPostprocessing = 0;
		};
/* End PBXResourcesBuildPhase section */

/* Begin PBXSourcesBuildPhase section */
		7D6206591F6AFEBA00214935 /* Sources */ = {
			isa = PBXSourcesBuildPhase;
			buildActionMask = 2147483647;
			files = (
				7D6206631F6AFEBA00214935 /* ViewController.swift in Sources */,
				7D6206611F6AFEBA00214935 /* AppDelegate.swift in Sources */,
			);
			runOnlyForDeploymentPostprocessing = 0;
		};
		7D62066D1F6AFEBA00214935 /* Sources */ = {
			isa = PBXSourcesBuildPhase;
			buildActionMask = 2147483647;
			files = (
				7D6206761F6AFEBA00214935 /* Astro_TorchTests.swift in Sources */,
			);
			runOnlyForDeploymentPostprocessing = 0;
		};
		7D6206781F6AFEBA00214935 /* Sources */ = {
			isa = PBXSourcesBuildPhase;
			buildActionMask = 2147483647;
			files = (
				7D6206811F6AFEBA00214935 /* Astro_TorchUITests.swift in Sources */,
			);
			runOnlyForDeploymentPostprocessing = 0;
		};
/* End PBXSourcesBuildPhase section */

/* Begin PBXTargetDependency section */
		7D6206731F6AFEBA00214935 /* PBXTargetDependency */ = {
			isa = PBXTargetDependency;
			target = 7D62065C1F6AFEBA00214935 /* Astro Torch */;
			targetProxy = 7D6206721F6AFEBA00214935 /* PBXContainerItemProxy */;
		};
		7D62067E1F6AFEBA00214935 /* PBXTargetDependency */ = {
			isa = PBXTargetDependency;
			target = 7D62065C1F6AFEBA00214935 /* Astro Torch */;
			targetProxy = 7D62067D1F6AFEBA00214935 /* PBXContainerItemProxy */;
		};
/* End PBXTargetDependency section */

/* Begin PBXVariantGroup section */
		7D6206641F6AFEBA00214935 /* Main.storyboard */ = {
			isa = PBXVariantGroup;
			children = (
				7D6206651F6AFEBA00214935 /* Base */,
			);
			name = Main.storyboard;
			sourceTree = "<group>";
		};
		7D6206691F6AFEBA00214935 /* LaunchScreen.storyboard */ = {
			isa = PBXVariantGroup;
			children = (
				7D62066A1F6AFEBA00214935 /* Base */,
			);
			name = LaunchScreen.storyboard;
			sourceTree = "<group>";
		};
/* End PBXVariantGroup section */

/* Begin XCBuildConfiguration section */
		7D6206831F6AFEBA00214935 /* Debug */ = {
			isa = XCBuildConfiguration;
			buildSettings = {
				ALWAYS_SEARCH_USER_PATHS = NO;
				CLANG_ANALYZER_NONNULL = YES;
				CLANG_ANALYZER_NUMBER_OBJECT_CONVERSION = YES_AGGRESSIVE;
				CLANG_CXX_LANGUAGE_STANDARD = "gnu++14";
				CLANG_CXX_LIBRARY = "libc++";
				CLANG_ENABLE_MODULES = YES;
				CLANG_ENABLE_OBJC_ARC = YES;
				CLANG_WARN_BLOCK_CAPTURE_AUTORELEASING = YES;
				CLANG_WARN_BOOL_CONVERSION = YES;
				CLANG_WARN_COMMA = YES;
				CLANG_WARN_CONSTANT_CONVERSION = YES;
				CLANG_WARN_DIRECT_OBJC_ISA_USAGE = YES_ERROR;
				CLANG_WARN_DOCUMENTATION_COMMENTS = YES;
				CLANG_WARN_EMPTY_BODY = YES;
				CLANG_WARN_ENUM_CONVERSION = YES;
				CLANG_WARN_INFINITE_RECURSION = YES;
				CLANG_WARN_INT_CONVERSION = YES;
				CLANG_WARN_NON_LITERAL_NULL_CONVERSION = YES;
				CLANG_WARN_OBJC_LITERAL_CONVERSION = YES;
				CLANG_WARN_OBJC_ROOT_CLASS = YES_ERROR;
				CLANG_WARN_RANGE_LOOP_ANALYSIS = YES;
				CLANG_WARN_STRICT_PROTOTYPES = YES;
				CLANG_WARN_SUSPICIOUS_MOVE = YES;
				CLANG_WARN_UNGUARDED_AVAILABILITY = YES_AGGRESSIVE;
				CLANG_WARN_UNREACHABLE_CODE = YES;
				CLANG_WARN__DUPLICATE_METHOD_MATCH = YES;
				CODE_SIGN_IDENTITY = "iPhone Developer";
				COPY_PHASE_STRIP = NO;
				DEBUG_INFORMATION_FORMAT = dwarf;
				ENABLE_STRICT_OBJC_MSGSEND = YES;
				ENABLE_TESTABILITY = YES;
				GCC_C_LANGUAGE_STANDARD = gnu11;
				GCC_DYNAMIC_NO_PIC = NO;
				GCC_NO_COMMON_BLOCKS = YES;
				GCC_OPTIMIZATION_LEVEL = 0;
				GCC_PREPROCESSOR_DEFINITIONS = (
					"DEBUG=1",
					"$(inherited)",
				);
				GCC_WARN_64_TO_32_BIT_CONVERSION = YES;
				GCC_WARN_ABOUT_RETURN_TYPE = YES_ERROR;
				GCC_WARN_UNDECLARED_SELECTOR = YES;
				GCC_WARN_UNINITIALIZED_AUTOS = YES_AGGRESSIVE;
				GCC_WARN_UNUSED_FUNCTION = YES;
				GCC_WARN_UNUSED_VARIABLE = YES;
				IPHONEOS_DEPLOYMENT_TARGET = 11.0;
				MTL_ENABLE_DEBUG_INFO = YES;
				ONLY_ACTIVE_ARCH = YES;
				SDKROOT = iphoneos;
				SWIFT_ACTIVE_COMPILATION_CONDITIONS = DEBUG;
				SWIFT_OPTIMIZATION_LEVEL = "-Onone";
			};
			name = Debug;
		};
		7D6206841F6AFEBA00214935 /* Release */ = {
			isa = XCBuildConfiguration;
			buildSettings = {
				ALWAYS_SEARCH_USER_PATHS = NO;
				CLANG_ANALYZER_NONNULL = YES;
				CLANG_ANALYZER_NUMBER_OBJECT_CONVERSION = YES_AGGRESSIVE;
				CLANG_CXX_LANGUAGE_STANDARD = "gnu++14";
				CLANG_CXX_LIBRARY = "libc++";
				CLANG_ENABLE_MODULES = YES;
				CLANG_ENABLE_OBJC_ARC = YES;
				CLANG_WARN_BLOCK_CAPTURE_AUTORELEASING = YES;
				CLANG_WARN_BOOL_CONVERSION = YES;
				CLANG_WARN_COMMA = YES;
				CLANG_WARN_CONSTANT_CONVERSION = YES;
				CLANG_WARN_DIRECT_OBJC_ISA_USAGE = YES_ERROR;
				CLANG_WARN_DOCUMENTATION_COMMENTS = YES;
				CLANG_WARN_EMPTY_BODY = YES;
				CLANG_WARN_ENUM_CONVERSION = YES;
				CLANG_WARN_INFINITE_RECURSION = YES;
				CLANG_WARN_INT_CONVERSION = YES;
				CLANG_WARN_NON_LITERAL_NULL_CONVERSION = YES;
				CLANG_WARN_OBJC_LITERAL_CONVERSION = YES;
				CLANG_WARN_OBJC_ROOT_CLASS = YES_ERROR;
				CLANG_WARN_RANGE_LOOP_ANALYSIS = YES;
				CLANG_WARN_STRICT_PROTOTYPES = YES;
				CLANG_WARN_SUSPICIOUS_MOVE = YES;
				CLANG_WARN_UNGUARDED_AVAILABILITY = YES_AGGRESSIVE;
				CLANG_WARN_UNREACHABLE_CODE = YES;
				CLANG_WARN__DUPLICATE_METHOD_MATCH = YES;
				CODE_SIGN_IDENTITY = "iPhone Developer";
				COPY_PHASE_STRIP = NO;
				DEBUG_INFORMATION_FORMAT = "dwarf-with-dsym";
				ENABLE_NS_ASSERTIONS = NO;
				ENABLE_STRICT_OBJC_MSGSEND = YES;
				GCC_C_LANGUAGE_STANDARD = gnu11;
				GCC_NO_COMMON_BLOCKS = YES;
				GCC_WARN_64_TO_32_BIT_CONVERSION = YES;
				GCC_WARN_ABOUT_RETURN_TYPE = YES_ERROR;
				GCC_WARN_UNDECLARED_SELECTOR = YES;
				GCC_WARN_UNINITIALIZED_AUTOS = YES_AGGRESSIVE;
				GCC_WARN_UNUSED_FUNCTION = YES;
				GCC_WARN_UNUSED_VARIABLE = YES;
				IPHONEOS_DEPLOYMENT_TARGET = 11.0;
				MTL_ENABLE_DEBUG_INFO = NO;
				SDKROOT = iphoneos;
				SWIFT_OPTIMIZATION_LEVEL = "-Owholemodule";
				VALIDATE_PRODUCT = YES;
			};
			name = Release;
		};
		7D6206861F6AFEBA00214935 /* Debug */ = {
			isa = XCBuildConfiguration;
			buildSettings = {
				ASSETCATALOG_COMPILER_APPICON_NAME = AppIcon;
				CODE_SIGN_STYLE = Automatic;
				DEVELOPMENT_TEAM = GLVSREU9U2;
				INFOPLIST_FILE = "Astro Torch/Info.plist";
				LD_RUNPATH_SEARCH_PATHS = "$(inherited) @executable_path/Frameworks";
				PRODUCT_BUNDLE_IDENTIFIER = fast.das.sssss;
				PRODUCT_NAME = "$(TARGET_NAME)";
				SWIFT_VERSION = 4.0;
				TARGETED_DEVICE_FAMILY = "1,2";
			};
			name = Debug;
		};
		7D6206871F6AFEBA00214935 /* Release */ = {
			isa = XCBuildConfiguration;
			buildSettings = {
				ASSETCATALOG_COMPILER_APPICON_NAME = AppIcon;
				CODE_SIGN_STYLE = Automatic;
				DEVELOPMENT_TEAM = GLVSREU9U2;
				INFOPLIST_FILE = "Astro Torch/Info.plist";
				LD_RUNPATH_SEARCH_PATHS = "$(inherited) @executable_path/Frameworks";
				PRODUCT_BUNDLE_IDENTIFIER = fast.das.sssss;
				PRODUCT_NAME = "$(TARGET_NAME)";
				SWIFT_VERSION = 4.0;
				TARGETED_DEVICE_FAMILY = "1,2";
			};
			name = Release;
		};
		7D6206891F6AFEBA00214935 /* Debug */ = {
			isa = XCBuildConfiguration;
			buildSettings = {
				ALWAYS_EMBED_SWIFT_STANDARD_LIBRARIES = YES;
				BUNDLE_LOADER = "$(TEST_HOST)";
				CODE_SIGN_STYLE = Automatic;
				INFOPLIST_FILE = "Astro TorchTests/Info.plist";
				LD_RUNPATH_SEARCH_PATHS = "$(inherited) @executable_path/Frameworks @loader_path/Frameworks";
				PRODUCT_BUNDLE_IDENTIFIER = "CSMCORP.Astro-TorchTests";
				PRODUCT_NAME = "$(TARGET_NAME)";
				SWIFT_VERSION = 4.0;
				TARGETED_DEVICE_FAMILY = "1,2";
				TEST_HOST = "$(BUILT_PRODUCTS_DIR)/Astro Torch.app/Astro Torch";
			};
			name = Debug;
		};
		7D62068A1F6AFEBA00214935 /* Release */ = {
			isa = XCBuildConfiguration;
			buildSettings = {
				ALWAYS_EMBED_SWIFT_STANDARD_LIBRARIES = YES;
				BUNDLE_LOADER = "$(TEST_HOST)";
				CODE_SIGN_STYLE = Automatic;
				INFOPLIST_FILE = "Astro TorchTests/Info.plist";
				LD_RUNPATH_SEARCH_PATHS = "$(inherited) @executable_path/Frameworks @loader_path/Frameworks";
				PRODUCT_BUNDLE_IDENTIFIER = "CSMCORP.Astro-TorchTests";
				PRODUCT_NAME = "$(TARGET_NAME)";
				SWIFT_VERSION = 4.0;
				TARGETED_DEVICE_FAMILY = "1,2";
				TEST_HOST = "$(BUILT_PRODUCTS_DIR)/Astro Torch.app/Astro Torch";
			};
			name = Release;
		};
		7D62068C1F6AFEBA00214935 /* Debug */ = {
			isa = XCBuildConfiguration;
			buildSettings = {
				ALWAYS_EMBED_SWIFT_STANDARD_LIBRARIES = YES;
				CODE_SIGN_STYLE = Automatic;
				INFOPLIST_FILE = "Astro TorchUITests/Info.plist";
				LD_RUNPATH_SEARCH_PATHS = "$(inherited) @executable_path/Frameworks @loader_path/Frameworks";
				PRODUCT_BUNDLE_IDENTIFIER = "CSMCORP.Astro-TorchUITests";
				PRODUCT_NAME = "$(TARGET_NAME)";
				SWIFT_VERSION = 4.0;
				TARGETED_DEVICE_FAMILY = "1,2";
				TEST_TARGET_NAME = "Astro Torch";
			};
			name = Debug;
		};
		7D62068D1F6AFEBA00214935 /* Release */ = {
			isa = XCBuildConfiguration;
			buildSettings = {
				ALWAYS_EMBED_SWIFT_STANDARD_LIBRARIES = YES;
				CODE_SIGN_STYLE = Automatic;
				INFOPLIST_FILE = "Astro TorchUITests/Info.plist";
				LD_RUNPATH_SEARCH_PATHS = "$(inherited) @executable_path/Frameworks @loader_path/Frameworks";
				PRODUCT_BUNDLE_IDENTIFIER = "CSMCORP.Astro-TorchUITests";
				PRODUCT_NAME = "$(TARGET_NAME)";
				SWIFT_VERSION = 4.0;
				TARGETED_DEVICE_FAMILY = "1,2";
				TEST_TARGET_NAME = "Astro Torch";
			};
			name = Release;
		};
/* End XCBuildConfiguration section */

/* Begin XCConfigurationList section */
		7D6206581F6AFEBA00214935 /* Build configuration list for PBXProject "Astro Torch" */ = {
			isa = XCConfigurationList;
			buildConfigurations = (
				7D6206831F6AFEBA00214935 /* Debug */,
				7D6206841F6AFEBA00214935 /* Release */,
			);
			defaultConfigurationIsVisible = 0;
			defaultConfigurationName = Release;
		};
		7D6206851F6AFEBA00214935 /* Build configuration list for PBXNativeTarget "Astro Torch" */ = {
			isa = XCConfigurationList;
			buildConfigurations = (
				7D6206861F6AFEBA00214935 /* Debug */,
				7D6206871F6AFEBA00214935 /* Release */,
			);
			defaultConfigurationIsVisible = 0;
			defaultConfigurationName = Release;
		};
		7D6206881F6AFEBA00214935 /* Build configuration list for PBXNativeTarget "Astro TorchTests" */ = {
			isa = XCConfigurationList;
			buildConfigurations = (
				7D6206891F6AFEBA00214935 /* Debug */,
				7D62068A1F6AFEBA00214935 /* Release */,
			);
			defaultConfigurationIsVisible = 0;
			defaultConfigurationName = Release;
		};
		7D62068B1F6AFEBA00214935 /* Build configuration list for PBXNativeTarget "Astro TorchUITests" */ = {
			isa = XCConfigurationList;
			buildConfigurations = (
				7D62068C1F6AFEBA00214935 /* Debug */,
				7D62068D1F6AFEBA00214935 /* Release */,
			);
			defaultConfigurationIsVisible = 0;
			defaultConfigurationName = Release;
		};
/* End XCConfigurationList section */
	};
	rootObject = 7D6206551F6AFEBA00214935 /* Project object */;
}
